{
  "nodes": {
    "flake-utils": {
      "locked": {
        "lastModified": 1614513358,
        "narHash": "sha256-LakhOx3S1dRjnh0b5Dg3mbZyH0ToC9I8Y2wKSkBaTzU=",
        "owner": "numtide",
        "repo": "flake-utils",
        "rev": "5466c5bbece17adaab2d82fae80b46e807611bf3",
        "type": "github"
      },
      "original": {
        "owner": "numtide",
        "repo": "flake-utils",
        "type": "github"
      }
    },
    "nixpkgs": {
      "locked": {
        "lastModified": 1617063239,
        "narHash": "sha256-OQancnNH1IOd4e45i8yE1B3Y0uKjeBQSBRaX+aHqCBM=",
        "owner": "NixOS",
        "repo": "nixpkgs",
        "rev": "b044cc3833b228eacbe4e64299856aa37893168e",
        "type": "github"
      },
      "original": {
        "id": "nixpkgs",
        "type": "indirect"
      }
    },
    "root": {
      "inputs": {
        "flake-utils": "flake-utils",
        "nixpkgs": "nixpkgs",
        "zsh-autocomplete-src": "zsh-autocomplete-src"
      }
    },
    "zsh-autocomplete-src": {
      "flake": false,
      "locked": {
        "lastModified": 1616860463,
        "narHash": "sha256-oIa0QFyMLRjKkga5WlV8zsXB6S972ewYyydT6aLt57o=",
        "owner": "marlonrichert",
        "repo": "zsh-autocomplete",
        "rev": "fdc21c0bdf4be5ae5ddbfa5c781ddf07b73c4d0b",
        "type": "github"
      },
      "original": {
        "owner": "marlonrichert",
        "repo": "zsh-autocomplete",
        "type": "github"
      }
    }
  },
  "root": "root",
  "version": 7
}
