{
  "nodes": {
    "flake-utils": {
      "locked": {
        "lastModified": 1617631617,
        "narHash": "sha256-PARRCz55qN3gy07VJZIlFeOX420d0nGF0RzGI/9hVlw=",
        "owner": "numtide",
        "repo": "flake-utils",
        "rev": "b2c27d1a81b0dc266270fa8aeecebbd1807fc610",
        "type": "github"
      },
      "original": {
        "owner": "numtide",
        "repo": "flake-utils",
        "type": "github"
      }
    },
    "nixpkgs": {
      "locked": {
        "lastModified": 1617721766,
        "narHash": "sha256-8nyvm/UIWnSxK9pdA7XmR6Y6MxSTfHkMVdWjbE141O8=",
        "owner": "NixOS",
        "repo": "nixpkgs",
        "rev": "873991697f8f6eeaa9d5bc80334eda4807c0e712",
        "type": "github"
      },
      "original": {
        "id": "nixpkgs",
        "type": "indirect"
      }
    },
    "root": {
      "inputs": {
        "flake-utils": "flake-utils",
        "nixpkgs": "nixpkgs",
        "zsh-autocomplete-src": "zsh-autocomplete-src"
      }
    },
    "zsh-autocomplete-src": {
      "flake": false,
      "locked": {
        "lastModified": 1616860463,
        "narHash": "sha256-oIa0QFyMLRjKkga5WlV8zsXB6S972ewYyydT6aLt57o=",
        "owner": "marlonrichert",
        "repo": "zsh-autocomplete",
        "rev": "fdc21c0bdf4be5ae5ddbfa5c781ddf07b73c4d0b",
        "type": "github"
      },
      "original": {
        "owner": "marlonrichert",
        "repo": "zsh-autocomplete",
        "type": "github"
      }
    }
  },
  "root": "root",
  "version": 7
}
