{
  "nodes": {
    "flake-utils": {
      "locked": {
        "lastModified": 1620759905,
        "narHash": "sha256-WiyWawrgmyN0EdmiHyG2V+fqReiVi8bM9cRdMaKQOFg=",
        "owner": "numtide",
        "repo": "flake-utils",
        "rev": "b543720b25df6ffdfcf9227afafc5b8c1fabfae8",
        "type": "github"
      },
      "original": {
        "owner": "numtide",
        "repo": "flake-utils",
        "type": "github"
      }
    },
    "nixpkgs": {
      "locked": {
        "lastModified": 1622246989,
        "narHash": "sha256-fG1sMmq2WjNpVMdc39apLWZWixe5KBSwRt/s/Uu/aCw=",
        "owner": "NixOS",
        "repo": "nixpkgs",
        "rev": "d624325e81fdcddab5ec0e4a718c3cb9d6cf31a3",
        "type": "github"
      },
      "original": {
        "id": "nixpkgs",
        "type": "indirect"
      }
    },
    "root": {
      "inputs": {
        "flake-utils": "flake-utils",
        "nixpkgs": "nixpkgs",
        "zsh-autocomplete-src": "zsh-autocomplete-src"
      }
    },
    "zsh-autocomplete-src": {
      "flake": false,
      "locked": {
        "lastModified": 1622150283,
        "narHash": "sha256-BlfIIZfh7DjtOlVjeJX63NqYomKGPiHPcBWfqeOAW2o=",
        "owner": "marlonrichert",
        "repo": "zsh-autocomplete",
        "rev": "e8563df4edb1bb88be8623820060d206e22a2a0c",
        "type": "github"
      },
      "original": {
        "owner": "marlonrichert",
        "repo": "zsh-autocomplete",
        "type": "github"
      }
    }
  },
  "root": "root",
  "version": 7
}
