{
  "nodes": {
    "flake-utils": {
      "locked": {
        "lastModified": 1620759905,
        "narHash": "sha256-WiyWawrgmyN0EdmiHyG2V+fqReiVi8bM9cRdMaKQOFg=",
        "owner": "numtide",
        "repo": "flake-utils",
        "rev": "b543720b25df6ffdfcf9227afafc5b8c1fabfae8",
        "type": "github"
      },
      "original": {
        "owner": "numtide",
        "repo": "flake-utils",
        "type": "github"
      }
    },
    "nixpkgs": {
      "locked": {
        "lastModified": 1622247833,
        "narHash": "sha256-H1axFFJ8SzvvURMBC3N92Sk5xhAnkXn798fCADyE+z0=",
        "owner": "NixOS",
        "repo": "nixpkgs",
        "rev": "3b87c94c616f84e55f3eb65e374f9a8271ce2225",
        "type": "github"
      },
      "original": {
        "id": "nixpkgs",
        "type": "indirect"
      }
    },
    "root": {
      "inputs": {
        "flake-utils": "flake-utils",
        "nixpkgs": "nixpkgs",
        "sddm-sugar-candy-src": "sddm-sugar-candy-src"
      }
    },
    "sddm-sugar-candy-src": {
      "flake": false,
      "locked": {
        "lastModified": 1580585463,
        "narHash": "sha256-XggFVsEXLYklrfy1ElkIp9fkTw4wvXbyVkaVCZq4ZLU=",
        "ref": "master",
        "rev": "2b72ef6c6f720fe0ffde5ea5c7c48152e02f6c4f",
        "revCount": 53,
        "type": "git",
        "url": "https://framagit.org/MarianArlt/sddm-sugar-candy.git"
      },
      "original": {
        "type": "git",
        "url": "https://framagit.org/MarianArlt/sddm-sugar-candy.git"
      }
    }
  },
  "root": "root",
  "version": 7
}
